
Microsoft Visual Studio Solution File, Format Version 10.00
# Visual Studio 2008
Project("{FAE04EC0-301F-11D3-BF4B-00C04F79EFBC}") = "WB32Word2007", "WB32Word2007\WB32Word2007.csproj", "{9ACE9A08-B97C-4943-B8F8-419C203D9832}"
	ProjectSection(ProjectDependencies) = postProject
		{70754148-7BC5-4BB6-9AF6-37722F0392BD} = {70754148-7BC5-4BB6-9AF6-37722F0392BD}
		{6063D9AA-6315-4FE8-A26D-2C0EF2D58A9F} = {6063D9AA-6315-4FE8-A26D-2C0EF2D58A9F}
	EndProjectSection
EndProject
Project("{FAE04EC0-301F-11D3-BF4B-00C04F79EFBC}") = "WB32Excel2007", "WB32Excel2007\WB32Excel2007.csproj", "{29A7E581-F4B6-43F8-BD91-DF9F802696ED}"
	ProjectSection(ProjectDependencies) = postProject
		{70754148-7BC5-4BB6-9AF6-37722F0392BD} = {70754148-7BC5-4BB6-9AF6-37722F0392BD}
		{6063D9AA-6315-4FE8-A26D-2C0EF2D58A9F} = {6063D9AA-6315-4FE8-A26D-2C0EF2D58A9F}
	EndProjectSection
EndProject
Project("{FAE04EC0-301F-11D3-BF4B-00C04F79EFBC}") = "WB32PPT2007", "WB32PPT2007\WB32PPT2007.csproj", "{6CD31CD2-69DD-4642-8D5B-0F4215CD9708}"
	ProjectSection(ProjectDependencies) = postProject
		{70754148-7BC5-4BB6-9AF6-37722F0392BD} = {70754148-7BC5-4BB6-9AF6-37722F0392BD}
		{6063D9AA-6315-4FE8-A26D-2C0EF2D58A9F} = {6063D9AA-6315-4FE8-A26D-2C0EF2D58A9F}
	EndProjectSection
EndProject
Project("{FAE04EC0-301F-11D3-BF4B-00C04F79EFBC}") = "TSWizard", "TSWizard\TSWizard.csproj", "{70754148-7BC5-4BB6-9AF6-37722F0392BD}"
EndProject
Project("{FAE04EC0-301F-11D3-BF4B-00C04F79EFBC}") = "WBOffice3", "WBOffice3\WBOffice3.csproj", "{6063D9AA-6315-4FE8-A26D-2C0EF2D58A9F}"
	ProjectSection(ProjectDependencies) = postProject
		{70754148-7BC5-4BB6-9AF6-37722F0392BD} = {70754148-7BC5-4BB6-9AF6-37722F0392BD}
	EndProjectSection
EndProject
Project("{54435603-DBB4-11D2-8724-00A0C9A8B90C}") = "WB32OfficeInstall", "WB32OfficeInstall\WB32OfficeInstall.vdproj", "{2899BE40-0A49-4E43-AAE6-E35D5614A6D6}"
EndProject
Global
	GlobalSection(SubversionScc) = preSolution
		Svn-Managed = True
		Manager = AnkhSVN - Subversion Support for Visual Studio
	EndGlobalSection
	GlobalSection(SolutionConfigurationPlatforms) = preSolution
		Debug|Any CPU = Debug|Any CPU
		INGLES|Any CPU = INGLES|Any CPU
		Release|Any CPU = Release|Any CPU
	EndGlobalSection
	GlobalSection(ProjectConfigurationPlatforms) = postSolution
		{9ACE9A08-B97C-4943-B8F8-419C203D9832}.Debug|Any CPU.ActiveCfg = Debug|Any CPU
		{9ACE9A08-B97C-4943-B8F8-419C203D9832}.Debug|Any CPU.Build.0 = Debug|Any CPU
		{9ACE9A08-B97C-4943-B8F8-419C203D9832}.INGLES|Any CPU.ActiveCfg = INGLES|Any CPU
		{9ACE9A08-B97C-4943-B8F8-419C203D9832}.INGLES|Any CPU.Build.0 = INGLES|Any CPU
		{9ACE9A08-B97C-4943-B8F8-419C203D9832}.Release|Any CPU.ActiveCfg = Release|Any CPU
		{9ACE9A08-B97C-4943-B8F8-419C203D9832}.Release|Any CPU.Build.0 = Release|Any CPU
		{29A7E581-F4B6-43F8-BD91-DF9F802696ED}.Debug|Any CPU.ActiveCfg = Debug|Any CPU
		{29A7E581-F4B6-43F8-BD91-DF9F802696ED}.Debug|Any CPU.Build.0 = Debug|Any CPU
		{29A7E581-F4B6-43F8-BD91-DF9F802696ED}.INGLES|Any CPU.ActiveCfg = INGLES|Any CPU
		{29A7E581-F4B6-43F8-BD91-DF9F802696ED}.INGLES|Any CPU.Build.0 = INGLES|Any CPU
		{29A7E581-F4B6-43F8-BD91-DF9F802696ED}.Release|Any CPU.ActiveCfg = Release|Any CPU
		{29A7E581-F4B6-43F8-BD91-DF9F802696ED}.Release|Any CPU.Build.0 = Release|Any CPU
		{6CD31CD2-69DD-4642-8D5B-0F4215CD9708}.Debug|Any CPU.ActiveCfg = Debug|Any CPU
		{6CD31CD2-69DD-4642-8D5B-0F4215CD9708}.Debug|Any CPU.Build.0 = Debug|Any CPU
		{6CD31CD2-69DD-4642-8D5B-0F4215CD9708}.INGLES|Any CPU.ActiveCfg = INGLES|Any CPU
		{6CD31CD2-69DD-4642-8D5B-0F4215CD9708}.INGLES|Any CPU.Build.0 = INGLES|Any CPU
		{6CD31CD2-69DD-4642-8D5B-0F4215CD9708}.Release|Any CPU.ActiveCfg = Release|Any CPU
		{6CD31CD2-69DD-4642-8D5B-0F4215CD9708}.Release|Any CPU.Build.0 = Release|Any CPU
		{70754148-7BC5-4BB6-9AF6-37722F0392BD}.Debug|Any CPU.ActiveCfg = Debug|Any CPU
		{70754148-7BC5-4BB6-9AF6-37722F0392BD}.Debug|Any CPU.Build.0 = Debug|Any CPU
		{70754148-7BC5-4BB6-9AF6-37722F0392BD}.INGLES|Any CPU.ActiveCfg = INGLES|Any CPU
		{70754148-7BC5-4BB6-9AF6-37722F0392BD}.INGLES|Any CPU.Build.0 = INGLES|Any CPU
		{70754148-7BC5-4BB6-9AF6-37722F0392BD}.Release|Any CPU.ActiveCfg = Release|Any CPU
		{70754148-7BC5-4BB6-9AF6-37722F0392BD}.Release|Any CPU.Build.0 = Release|Any CPU
		{6063D9AA-6315-4FE8-A26D-2C0EF2D58A9F}.Debug|Any CPU.ActiveCfg = Debug|Any CPU
		{6063D9AA-6315-4FE8-A26D-2C0EF2D58A9F}.Debug|Any CPU.Build.0 = Debug|Any CPU
		{6063D9AA-6315-4FE8-A26D-2C0EF2D58A9F}.INGLES|Any CPU.ActiveCfg = INGLES|Any CPU
		{6063D9AA-6315-4FE8-A26D-2C0EF2D58A9F}.INGLES|Any CPU.Build.0 = INGLES|Any CPU
		{6063D9AA-6315-4FE8-A26D-2C0EF2D58A9F}.Release|Any CPU.ActiveCfg = Release|Any CPU
		{6063D9AA-6315-4FE8-A26D-2C0EF2D58A9F}.Release|Any CPU.Build.0 = Release|Any CPU
		{2899BE40-0A49-4E43-AAE6-E35D5614A6D6}.Debug|Any CPU.ActiveCfg = Debug
		{2899BE40-0A49-4E43-AAE6-E35D5614A6D6}.INGLES|Any CPU.ActiveCfg = Release
		{2899BE40-0A49-4E43-AAE6-E35D5614A6D6}.Release|Any CPU.ActiveCfg = Release
	EndGlobalSection
	GlobalSection(SolutionProperties) = preSolution
		HideSolutionNode = FALSE
	EndGlobalSection
EndGlobal
